
Microsoft Visual Studio Solution File, Format Version 12.00
# Visual Studio Version 17
VisualStudioVersion = 17.3.32825.248
MinimumVisualStudioVersion = 10.0.40219.1
Project("{9A19103F-16F7-4668-BE54-9A1E7A4F7556}") = "EmployeeTimeTicketApp.Domain", "EmployeeTimeTicketApp.Domain\EmployeeTimeTicketApp.Domain.csproj", "{4C804725-82F2-4368-AAF8-FCE3DD60DF8C}"
EndProject
Project("{9A19103F-16F7-4668-BE54-9A1E7A4F7556}") = "EmployeeTimeTicketApp.Data", "EmployeeTimeTicketApp.Data\EmployeeTimeTicketApp.Data.csproj", "{BAD467CA-5B8F-4661-91F2-C34F3EE7A3A8}"
EndProject
Project("{FAE04EC0-301F-11D3-BF4B-00C04F79EFBC}") = "EmployeeTimeTicketAPI", "EmployeeTimeTicketAPI\EmployeeTimeTicketAPI.csproj", "{4FAB5E92-A9BC-4511-B6CB-12691506EA29}"
EndProject
Global
	GlobalSection(SolutionConfigurationPlatforms) = preSolution
		Debug|Any CPU = Debug|Any CPU
		Release|Any CPU = Release|Any CPU
	EndGlobalSection
	GlobalSection(ProjectConfigurationPlatforms) = postSolution
		{4C804725-82F2-4368-AAF8-FCE3DD60DF8C}.Debug|Any CPU.ActiveCfg = Debug|Any CPU
		{4C804725-82F2-4368-AAF8-FCE3DD60DF8C}.Debug|Any CPU.Build.0 = Debug|Any CPU
		{4C804725-82F2-4368-AAF8-FCE3DD60DF8C}.Release|Any CPU.ActiveCfg = Release|Any CPU
		{4C804725-82F2-4368-AAF8-FCE3DD60DF8C}.Release|Any CPU.Build.0 = Release|Any CPU
		{BAD467CA-5B8F-4661-91F2-C34F3EE7A3A8}.Debug|Any CPU.ActiveCfg = Debug|Any CPU
		{BAD467CA-5B8F-4661-91F2-C34F3EE7A3A8}.Debug|Any CPU.Build.0 = Debug|Any CPU
		{BAD467CA-5B8F-4661-91F2-C34F3EE7A3A8}.Release|Any CPU.ActiveCfg = Release|Any CPU
		{BAD467CA-5B8F-4661-91F2-C34F3EE7A3A8}.Release|Any CPU.Build.0 = Release|Any CPU
		{4FAB5E92-A9BC-4511-B6CB-12691506EA29}.Debug|Any CPU.ActiveCfg = Debug|Any CPU
		{4FAB5E92-A9BC-4511-B6CB-12691506EA29}.Debug|Any CPU.Build.0 = Debug|Any CPU
		{4FAB5E92-A9BC-4511-B6CB-12691506EA29}.Release|Any CPU.ActiveCfg = Release|Any CPU
		{4FAB5E92-A9BC-4511-B6CB-12691506EA29}.Release|Any CPU.Build.0 = Release|Any CPU
	EndGlobalSection
	GlobalSection(SolutionProperties) = preSolution
		HideSolutionNode = FALSE
	EndGlobalSection
	GlobalSection(ExtensibilityGlobals) = postSolution
		SolutionGuid = {E1B4205B-D1FD-4D95-B8BD-97AA93FA6ED2}
	EndGlobalSection
EndGlobal
